
Microsoft Visual Studio Solution File, Format Version 12.00
# Visual Studio Version 16
VisualStudioVersion = 16.0.29418.71
MinimumVisualStudioVersion = 10.0.40219.1
Project("{FAE04EC0-301F-11D3-BF4B-00C04F79EFBC}") = "Selenium Assignment", "Selenium Assignment\Selenium Assignment.csproj", "{36A131C2-8103-434B-9D7B-CDD0B91E4F75}"
EndProject
Global
	GlobalSection(SolutionConfigurationPlatforms) = preSolution
		Debug|Any CPU = Debug|Any CPU
		Release|Any CPU = Release|Any CPU
	EndGlobalSection
	GlobalSection(ProjectConfigurationPlatforms) = postSolution
		{36A131C2-8103-434B-9D7B-CDD0B91E4F75}.Debug|Any CPU.ActiveCfg = Debug|Any CPU
		{36A131C2-8103-434B-9D7B-CDD0B91E4F75}.Debug|Any CPU.Build.0 = Debug|Any CPU
		{36A131C2-8103-434B-9D7B-CDD0B91E4F75}.Release|Any CPU.ActiveCfg = Release|Any CPU
		{36A131C2-8103-434B-9D7B-CDD0B91E4F75}.Release|Any CPU.Build.0 = Release|Any CPU
	EndGlobalSection
	GlobalSection(SolutionProperties) = preSolution
		HideSolutionNode = FALSE
	EndGlobalSection
	GlobalSection(ExtensibilityGlobals) = postSolution
		SolutionGuid = {7FD73735-7839-419E-9E0D-116B82571E71}
	EndGlobalSection
EndGlobal
